# EIF-MANAGED. Do not hand-edit - fully regenerated by scripts/eif_init.py
# on every init/upgrade. Schema: core/schemas/framework-lock.schema.json

lock_schema_version: 1
framework:
  source_type: git
instance:
  eif_instance_version: 0.1.0
  migration_status: greenfield
adapter:
  name: cursor
  entrypoint: .cursor/rules/eif/governance.mdc
bundle:
  path: .eif/runtime
  manifest:
  - path: core/ontology/authority-model.md
    sha256: 324258efea7e4bbb92df150baa13a5f99dea58a77ba88a325cd2bc8ff527379b
  - path: core/ontology/confidence-levels.md
    sha256: 4f05181b12bf3f611fe031bce1e1e7877babd98b18c6c3677685d44168ccdb28
  - path: core/ontology/knowledge-types.md
    sha256: 588bd4eacfb2c0d327cfa86dc88d4244ffb674f74bbf51127367645cc2aa94ad
  - path: core/ontology/status-lifecycle.md
    sha256: 18ee456f191f4b2de048c7cca21f4480e7810f2705126eaa297eff1c00498c2b
  - path: core/schemas/benchmark-fixture-manifest.schema.json
    sha256: 71910139001e45f47e9855c79297cc594c3f6ceea93a2d9ee6a329411bb71c1c
  - path: core/schemas/benchmark-result.schema.json
    sha256: ffb267ade91126678e7123d25ec535a7f9609089cc29c264bacbbafeea464a69
  - path: core/schemas/eif-config.schema.json
    sha256: 3dba90641bbff7426b4845f9ebc020051c2c424b28e0e39c135e8334838ff654
  - path: core/schemas/framework-lock.schema.json
    sha256: 907608a629ebf516aa36db5ccfc46b8e4b41deb3fc5e997b46e3456863dd5e72
  - path: core/schemas/knowledge-frontmatter.schema.json
    sha256: be3ff7b0b8bdaa55d98939fd2957e4f31f973c8c89f932c66011cb914ad08b5e
  - path: eif_adapters.py
    sha256: 704ea32be7c78e3d0b37dfcd635fb6828f685f5bcda945455b44d17ddd4e24c7
  - path: eif_check_links.py
    sha256: 1b5aba3ed6792a345323e08c69b18059657ec53cd366b4f37b809badd2b3dc25
  - path: eif_generate_index.py
    sha256: fde36d7c595307a4698741c787f07ebce14b764356e85bb72119d3b7060edbbb
  - path: eif_locale.py
    sha256: 9487cf4aaf3c974c177fea02cd9bc47794a5e4372c3256907ac44dcb30657056
  - path: eif_markers.py
    sha256: 676e31b9df8848887d5a707b08d24844d9349657bf7c34ed090ad429f6fbac70
  - path: eif_privacy_scan.py
    sha256: 450ac1bc62473b5bce271c654f0fde1d868f7cc94571f566b27aef850a0bf639
  - path: eif_render.py
    sha256: 732f733e4c1ad847939c393af559d716aad88e73330019d82fcbed15de658933
  - path: eif_search_knowledge.py
    sha256: f9947ee083292cbad174c171e907f0085d637ae7899d0f3fe62ab84394dc97ee
  - path: eif_validate_frontmatter.py
    sha256: 7f176aedb423943dc4f504eb78f017cae4ae441b6e3dd59672147ce2054da1d9
  - path: eif_verify_runtime.py
    sha256: 8e79b8b5559a1829805c801d8bc5683bdd3dc904c9a4b6ffe8a1fb19480d8737
  - path: locales/README.md
    sha256: 375a14313a4329137391b76fc53423e53fc8e5410f3e2aecd4ac9fbf326b8d00
  - path: locales/en/messages.yaml
    sha256: d036e90857ee00d769fc6ca41aa62b9b167e638a0d669eec199c84aed069fab2
  - path: locales/en/templates/knowledge-delta.md
    sha256: 3ace3bae293280d6ad8907a7998ea671bf918c0d28ceb2dcc6cd9f4ece819820
  - path: locales/en/templates/session-closeout.md
    sha256: f92d3e3add85051ac679a99ab3becf4afd9b5972ecee76e571496c3840aff437
  - path: locales/uk/messages.yaml
    sha256: d3dbd38bf520d39aef15819610e125dc3a9b377047d8b81c61b2a182c20eb462
  - path: locales/uk/templates/knowledge-delta.md
    sha256: 846e5aa6e1a093a04a8c2f40c0f52c0c7c416580c996c6a00e9ba7009733599c
  - path: locales/uk/templates/session-closeout.md
    sha256: d32aa42909e511c3711582ea2f449bd2ea87efb52fad4cbbf9e2659297566549
  - path: requirements.txt
    sha256: 1703de02d8ce47a319e3ea207d1b7af05ac451a02dac5705b67d55104b54abae
  - path: templates/README.md
    sha256: 96af034eceae28aeefec8ef533bdb7f4351bf518a8d802822a0ffa1fdafa22ff
  - path: templates/agent-instructions.md
    sha256: 4be26906973b2264f601641dcf410060329551a37aa5b39d234482663f8567f0
  - path: templates/knowledge-delta.md
    sha256: a3ab23101f97a60585ff51bd69eb927d70ec0ea4c6dfd72a782b23e7498cd7b2
  - path: templates/session-closeout.md
    sha256: 3e20360836c1d9cbf469300d704b1848b24011eeead43b755594be6b430971e0
  - path: templates/task-scope.md
    sha256: 66555e2692a6417bf8cbfa01bffdef5f218598b00d108eeccb42e01fa3ba9643
  digest: sha256:bda1ac5516044c4aab63ee026adb41ea334fdf686fe754756c15dc3b64e0207d
generated_at: '2026-07-17T20:15:51.635664+00:00'
git:
  commit_sha: 226d9896db627170ed6c1b5d2a674cf312986878
  dirty: false
knowledge_index:
  path: docs/knowledge/index.md
  sha256: 5dabbae1996cf261bc040c90a3de647099982d0eec28485cea7bb985c2ac9b08
