# EIF-MANAGED. Do not hand-edit - fully regenerated by scripts/eif_init.py
# on every init/upgrade. Schema: core/schemas/framework-lock.schema.json

lock_schema_version: 1
framework:
  ref: efc673657b430b98dee89b09492f27f52d64bc49
  ref_short: efc6736
  dirty: true
instance:
  eif_instance_version: 0.1.0
  migration_status: greenfield
adapter:
  name: claude-code
  entrypoint: CLAUDE.md
bundle:
  path: .eif/runtime
  manifest:
  - path: core/ontology/authority-model.md
    sha256: 324258efea7e4bbb92df150baa13a5f99dea58a77ba88a325cd2bc8ff527379b
  - path: core/ontology/confidence-levels.md
    sha256: 4f05181b12bf3f611fe031bce1e1e7877babd98b18c6c3677685d44168ccdb28
  - path: core/ontology/knowledge-types.md
    sha256: 588bd4eacfb2c0d327cfa86dc88d4244ffb674f74bbf51127367645cc2aa94ad
  - path: core/ontology/status-lifecycle.md
    sha256: 18ee456f191f4b2de048c7cca21f4480e7810f2705126eaa297eff1c00498c2b
  - path: core/schemas/eif-config.schema.json
    sha256: d4e580b9cbd8b9e435625f6dad5f1f0ab1c3a2355330024e591ef22834360e25
  - path: core/schemas/framework-lock.schema.json
    sha256: d48ac81aa4841d0e67e17bf4605644d47bece9958c834e22f8682028f1d2731b
  - path: core/schemas/knowledge-frontmatter.schema.json
    sha256: be3ff7b0b8bdaa55d98939fd2957e4f31f973c8c89f932c66011cb914ad08b5e
  - path: eif_adapters.py
    sha256: e7018f41a4f2e1d2e47503320b82a006ff6b89f0863126fdace65f6ea7555151
  - path: eif_check_links.py
    sha256: b43505b976f29efa78d88fced5214054082ef540a484a7249b9f7620836b3aba
  - path: eif_generate_index.py
    sha256: 4ea3acba318d7d7e800f22ef002f56bbbe3e97ac6379ea3fd1677e3e499bb86d
  - path: eif_locale.py
    sha256: 0e06b5b60bb86fd4bd684b2115ae0e60488d79e1bdef24d3a70a6a7f5d90edfd
  - path: eif_privacy_scan.py
    sha256: ada40d9f0aad20a5afacc4f734ceb8463b169e8385554971e879650eb791dca9
  - path: eif_render.py
    sha256: cdfed5b4650b4913e2b50d14f8c767ee645838873dc07b7c47666167874bb036
  - path: eif_search_knowledge.py
    sha256: f3580d0c589dd30d240f70c3b1f802828bfec498ba942c0fe5c431925e83ca62
  - path: eif_validate_frontmatter.py
    sha256: 0b334e63a854b2b02b62fb70ac43204b2ba5f2edc3d99df570e31bf8242a4faf
  - path: locales/README.md
    sha256: 47ae7fa8a515ef24627f1e5d15b2750922d5f47ec51a839bf5b64947e5f1d224
  - path: locales/en/messages.yaml
    sha256: 464a3405084e1ef103c798e662c5226d64e6317004f3c51089a1e5391255a3ea
  - path: locales/en/templates/knowledge-delta.md
    sha256: 7ecf7e823ad5d6f1b9481b65ab51df4a44692892b99fdcfb37c735012b812c58
  - path: locales/en/templates/session-closeout.md
    sha256: 9150bc468c017fe5aeb53582e2e065febeca168c70df2f75ba74a12ee9b782a5
  - path: locales/uk/messages.yaml
    sha256: b5df86f934cde4c3a0f712e40930bb86a979d3a6487865932c02f5e7972b070e
  - path: locales/uk/templates/knowledge-delta.md
    sha256: d2ee349c519dec3c8b163c1dc5dfdd3e8aaf150b1258b48e2c41173448fa7252
  - path: locales/uk/templates/session-closeout.md
    sha256: 0e02c8b25188533829dc0c6303c5470a4e5f2722513005ab7d5e856e2c7fd3dc
  - path: requirements.txt
    sha256: f816349f65bb845f70de93a4427aab06c1bea34051fcacb009a2e2b362f2ea3b
  - path: templates/README.md
    sha256: a854d47e2a002644cf6a739ccab85f7decd18e3724662171d97af8ce4110a719
  - path: templates/agent-instructions.md
    sha256: 2c4e11d368fe6624913099259eec0b51d0f06701ac119c34cdfc2b7aaa18006f
  - path: templates/knowledge-delta.md
    sha256: a03b3e4e4815ff46a1b31f4b568d94e0831b80855c4a94bd6e0f45c550d0cb43
  - path: templates/session-closeout.md
    sha256: 5815ea41db374fece0d16c816bdd125e436fc0b68cec89a74c5acba8f83be197
  - path: templates/task-scope.md
    sha256: 09bda6a5349516d9445581916df4a9a5d68cff630c109cecdf7cd2712ee7ad86
  digest: sha256:d68a92b20496a45f2c71ea4cc4f256735f3ad750925d9759156d49136ac97941
generated_at: '2026-07-15T09:02:56.930389+00:00'
